
Microsoft Visual Studio Solution File, Format Version 12.00
# Visual Studio Version 16
VisualStudioVersion = 16.0.28803.352
MinimumVisualStudioVersion = 10.0.40219.1
Project("{F184B08F-C81C-45F6-A57F-5ABD9991F28F}") = "Raffy Timelapse", "Simple Time Lapse\Raffy Timelapse.vbproj", "{3972A74C-6986-4709-B2DD-633BD9480044}"
EndProject
Project("{54435603-DBB4-11D2-8724-00A0C9A8B90C}") = "Raffy Timelapse Installer", "Raffy Timelapse Installer\Raffy Timelapse Installer.vdproj", "{1568F3E8-9E90-4372-B90C-E110E7E3707C}"
EndProject
Global
	GlobalSection(SolutionConfigurationPlatforms) = preSolution
		Debug|Any CPU = Debug|Any CPU
		Release|Any CPU = Release|Any CPU
	EndGlobalSection
	GlobalSection(ProjectConfigurationPlatforms) = postSolution
		{3972A74C-6986-4709-B2DD-633BD9480044}.Debug|Any CPU.ActiveCfg = Debug|Any CPU
		{3972A74C-6986-4709-B2DD-633BD9480044}.Debug|Any CPU.Build.0 = Debug|Any CPU
		{3972A74C-6986-4709-B2DD-633BD9480044}.Release|Any CPU.ActiveCfg = Release|Any CPU
		{3972A74C-6986-4709-B2DD-633BD9480044}.Release|Any CPU.Build.0 = Release|Any CPU
		{1568F3E8-9E90-4372-B90C-E110E7E3707C}.Debug|Any CPU.ActiveCfg = Debug
		{1568F3E8-9E90-4372-B90C-E110E7E3707C}.Release|Any CPU.ActiveCfg = Release
	EndGlobalSection
	GlobalSection(SolutionProperties) = preSolution
		HideSolutionNode = FALSE
	EndGlobalSection
	GlobalSection(ExtensibilityGlobals) = postSolution
		SolutionGuid = {18EFC9B3-46DF-496E-A25F-39CA7E954565}
	EndGlobalSection
EndGlobal
