
Microsoft Visual Studio Solution File, Format Version 12.00
# Visual Studio Version 16
VisualStudioVersion = 16.0.28803.352
MinimumVisualStudioVersion = 10.0.40219.1
Project("{F184B08F-C81C-45F6-A57F-5ABD9991F28F}") = "Raffy Timelapse", "Raffy Timelapse\Raffy Timelapse.vbproj", "{3972A74C-6986-4709-B2DD-633BD9480044}"
EndProject
Project("{F184B08F-C81C-45F6-A57F-5ABD9991F28F}") = "Raffy Timelapse Updater", "Raffy Timelapse Updater\Raffy Timelapse Updater.vbproj", "{5A99D763-5BCA-4076-898E-8A296D077918}"
EndProject
Global
	GlobalSection(SolutionConfigurationPlatforms) = preSolution
		Debug|Any CPU = Debug|Any CPU
		Release|Any CPU = Release|Any CPU
	EndGlobalSection
	GlobalSection(ProjectConfigurationPlatforms) = postSolution
		{3972A74C-6986-4709-B2DD-633BD9480044}.Debug|Any CPU.ActiveCfg = Debug|Any CPU
		{3972A74C-6986-4709-B2DD-633BD9480044}.Debug|Any CPU.Build.0 = Debug|Any CPU
		{3972A74C-6986-4709-B2DD-633BD9480044}.Release|Any CPU.ActiveCfg = Release|Any CPU
		{3972A74C-6986-4709-B2DD-633BD9480044}.Release|Any CPU.Build.0 = Release|Any CPU
		{5A99D763-5BCA-4076-898E-8A296D077918}.Debug|Any CPU.ActiveCfg = Debug|Any CPU
		{5A99D763-5BCA-4076-898E-8A296D077918}.Debug|Any CPU.Build.0 = Debug|Any CPU
		{5A99D763-5BCA-4076-898E-8A296D077918}.Release|Any CPU.ActiveCfg = Release|Any CPU
		{5A99D763-5BCA-4076-898E-8A296D077918}.Release|Any CPU.Build.0 = Release|Any CPU
	EndGlobalSection
	GlobalSection(SolutionProperties) = preSolution
		HideSolutionNode = FALSE
	EndGlobalSection
	GlobalSection(ExtensibilityGlobals) = postSolution
		SolutionGuid = {18EFC9B3-46DF-496E-A25F-39CA7E954565}
	EndGlobalSection
EndGlobal
